{
  "object": {
    "pins": [
      {
        "package": "Pager",
        "repositoryURL": "https://github.com/iWECon/Pager",
        "state": {
          "branch": null,
          "revision": "d66fa7f7e7fc40451db7edbbb14d76d89e1630c7",
          "version": "1.0.6"
        }
      },
      {
        "package": "Segmenter",
        "repositoryURL": "https://github.com/iWECon/Segmenter",
        "state": {
          "branch": null,
          "revision": "815670881bc3c4a21d873337924b237cc1478ed3",
          "version": "1.4.6"
        }
      },
      {
        "package": "YTPageController",
        "repositoryURL": "https://github.com/iWECon/YTPageController",
        "state": {
          "branch": null,
          "revision": "d8d2adb778a1f7f5a0ef5a155faf7573007b2792",
          "version": "1.1.6"
        }
      }
    ]
  },
  "version": 1
}
