{
  "object": {
    "pins": [
      {
        "package": "Pager",
        "repositoryURL": "https://github.com/iWECon/Pager",
        "state": {
          "branch": null,
          "revision": "37c1fd89f4911b1b6d2a8cac0c206166563bd544",
          "version": "1.0.5"
        }
      },
      {
        "package": "Segmenter",
        "repositoryURL": "https://github.com/iWECon/Segmenter",
        "state": {
          "branch": null,
          "revision": "815670881bc3c4a21d873337924b237cc1478ed3",
          "version": "1.4.6"
        }
      },
      {
        "package": "YTPageController",
        "repositoryURL": "https://github.com/iWECon/YTPageController",
        "state": {
          "branch": null,
          "revision": "dd80e7e62f24a5490b0ddf5c03f22b6de093d471",
          "version": "1.1.5"
        }
      }
    ]
  },
  "version": 1
}
