{
  "object": {
    "pins": [
      {
        "package": "Pager",
        "repositoryURL": "https://github.com/iWECon/Pager",
        "state": {
          "branch": null,
          "revision": "c121e5debb13443b0a2a2989f854a19d790429fd",
          "version": "1.0.5"
        }
      },
      {
        "package": "Segmenter",
        "repositoryURL": "https://github.com/iWECon/Segmenter",
        "state": {
          "branch": null,
          "revision": "0e523172456347eb2803c5ad143a15e536942635",
          "version": "1.4.6"
        }
      },
      {
        "package": "YTPageController",
        "repositoryURL": "https://github.com/iwecon/ytpagecontroller",
        "state": {
          "branch": null,
          "revision": "dd80e7e62f24a5490b0ddf5c03f22b6de093d471",
          "version": "1.1.5"
        }
      }
    ]
  },
  "version": 1
}
