{
  "object": {
    "pins": [
      {
        "package": "Pager",
        "repositoryURL": "https://github.com/iWECon/Pager",
        "state": {
          "branch": null,
          "revision": "9c5dcfddf1dd00002431d90a7e31ee5d28b7ea5b",
          "version": "1.0.4"
        }
      },
      {
        "package": "Segmenter",
        "repositoryURL": "https://github.com/iWECon/Segmenter",
        "state": {
          "branch": null,
          "revision": "ee01d4e9083944b5ed0756ebbad59fc95b9acb70",
          "version": "1.3.0"
        }
      },
      {
        "package": "YTPageController",
        "repositoryURL": "https://github.com/iWECon/YTPageController",
        "state": {
          "branch": null,
          "revision": "bf67aa9ed9719aea59d9f9115e3d28e412a41844",
          "version": "1.1.2"
        }
      }
    ]
  },
  "version": 1
}
