{
  "object": {
    "pins": [
      {
        "package": "Pager",
        "repositoryURL": "https://github.com/iWECon/Pager",
        "state": {
          "branch": null,
          "revision": "9c5dcfddf1dd00002431d90a7e31ee5d28b7ea5b",
          "version": "1.0.4"
        }
      },
      {
        "package": "Segmenter",
        "repositoryURL": "https://github.com/iWECon/Segmenter",
        "state": {
          "branch": null,
          "revision": "83e3b8d459035e5f291a808d62e0e28334ddf3d6",
          "version": "1.4.5"
        }
      },
      {
        "package": "YTPageController",
        "repositoryURL": "https://github.com/iwecon/ytpagecontroller",
        "state": {
          "branch": null,
          "revision": "82442fe25500a89a85e63dce38443481cf50a499",
          "version": "1.1.4"
        }
      }
    ]
  },
  "version": 1
}
